// !$*UTF8*$!
{
	archiveVersion = 1;
	classes = {
	};
	objectVersion = 48;
	objects = {

/* Begin PBXBuildFile section */
		7916B4B61FC2AB2E00CB76D2 /* AppDelegate.swift in Sources */ = {isa = PBXBuildFile; fileRef = 7916B4B51FC2AB2E00CB76D2 /* AppDelegate.swift */; };
		7916B4B81FC2AB2E00CB76D2 /* ViewController.swift in Sources */ = {isa = PBXBuildFile; fileRef = 7916B4B71FC2AB2E00CB76D2 /* ViewController.swift */; };
		7916B4BB1FC2AB2E00CB76D2 /* Main.storyboard in Resources */ = {isa = PBXBuildFile; fileRef = 7916B4B91FC2AB2E00CB76D2 /* Main.storyboard */; };
		7916B4BE1FC2AB2E00CB76D2 /* StarReader.xcdatamodeld in Sources */ = {isa = PBXBuildFile; fileRef = 7916B4BC1FC2AB2E00CB76D2 /* StarReader.xcdatamodeld */; };
		7916B4C01FC2AB2E00CB76D2 /* Assets.xcassets in Resources */ = {isa = PBXBuildFile; fileRef = 7916B4BF1FC2AB2E00CB76D2 /* Assets.xcassets */; };
		7916B4C31FC2AB2E00CB76D2 /* LaunchScreen.storyboard in Resources */ = {isa = PBXBuildFile; fileRef = 7916B4C11FC2AB2E00CB76D2 /* LaunchScreen.storyboard */; };
		7916B4CE1FC2AB2E00CB76D2 /* StarReaderTests.swift in Sources */ = {isa = PBXBuildFile; fileRef = 7916B4CD1FC2AB2E00CB76D2 /* StarReaderTests.swift */; };
		7916B4D91FC2AB2E00CB76D2 /* StarReaderUITests.swift in Sources */ = {isa = PBXBuildFile; fileRef = 7916B4D81FC2AB2E00CB76D2 /* StarReaderUITests.swift */; };
		7916B4E81FC2ABDB00CB76D2 /* CoreText.framework in Frameworks */ = {isa = PBXBuildFile; fileRef = 7916B4E71FC2ABD500CB76D2 /* CoreText.framework */; };
		7916B4EA1FC2AC4E00CB76D2 /* ReadingView.swift in Sources */ = {isa = PBXBuildFile; fileRef = 7916B4E91FC2AC4E00CB76D2 /* ReadingView.swift */; };
/* End PBXBuildFile section */

/* Begin PBXContainerItemProxy section */
		7916B4CA1FC2AB2E00CB76D2 /* PBXContainerItemProxy */ = {
			isa = PBXContainerItemProxy;
			containerPortal = 7916B4AA1FC2AB2E00CB76D2 /* Project object */;
			proxyType = 1;
			remoteGlobalIDString = 7916B4B11FC2AB2E00CB76D2;
			remoteInfo = StarReader;
		};
		7916B4D51FC2AB2E00CB76D2 /* PBXContainerItemProxy */ = {
			isa = PBXContainerItemProxy;
			containerPortal = 7916B4AA1FC2AB2E00CB76D2 /* Project object */;
			proxyType = 1;
			remoteGlobalIDString = 7916B4B11FC2AB2E00CB76D2;
			remoteInfo = StarReader;
		};
/* End PBXContainerItemProxy section */

/* Begin PBXFileReference section */
		7916B4B21FC2AB2E00CB76D2 /* StarReader.app */ = {isa = PBXFileReference; explicitFileType = wrapper.application; includeInIndex = 0; path = StarReader.app; sourceTree = BUILT_PRODUCTS_DIR; };
		7916B4B51FC2AB2E00CB76D2 /* AppDelegate.swift */ = {isa = PBXFileReference; lastKnownFileType = sourcecode.swift; path = AppDelegate.swift; sourceTree = "<group>"; };
		7916B4B71FC2AB2E00CB76D2 /* ViewController.swift */ = {isa = PBXFileReference; lastKnownFileType = sourcecode.swift; path = ViewController.swift; sourceTree = "<group>"; };
		7916B4BA1FC2AB2E00CB76D2 /* Base */ = {isa = PBXFileReference; lastKnownFileType = file.storyboard; name = Base; path = Base.lproj/Main.storyboard; sourceTree = "<group>"; };
		7916B4BD1FC2AB2E00CB76D2 /* StarReader.xcdatamodel */ = {isa = PBXFileReference; lastKnownFileType = wrapper.xcdatamodel; path = StarReader.xcdatamodel; sourceTree = "<group>"; };
		7916B4BF1FC2AB2E00CB76D2 /* Assets.xcassets */ = {isa = PBXFileReference; lastKnownFileType = folder.assetcatalog; path = Assets.xcassets; sourceTree = "<group>"; };
		7916B4C21FC2AB2E00CB76D2 /* Base */ = {isa = PBXFileReference; lastKnownFileType = file.storyboard; name = Base; path = Base.lproj/LaunchScreen.storyboard; sourceTree = "<group>"; };
		7916B4C41FC2AB2E00CB76D2 /* Info.plist */ = {isa = PBXFileReference; lastKnownFileType = text.plist.xml; path = Info.plist; sourceTree = "<group>"; };
		7916B4C91FC2AB2E00CB76D2 /* StarReaderTests.xctest */ = {isa = PBXFileReference; explicitFileType = wrapper.cfbundle; includeInIndex = 0; path = StarReaderTests.xctest; sourceTree = BUILT_PRODUCTS_DIR; };
		7916B4CD1FC2AB2E00CB76D2 /* StarReaderTests.swift */ = {isa = PBXFileReference; lastKnownFileType = sourcecode.swift; path = StarReaderTests.swift; sourceTree = "<group>"; };
		7916B4CF1FC2AB2E00CB76D2 /* Info.plist */ = {isa = PBXFileReference; lastKnownFileType = text.plist.xml; path = Info.plist; sourceTree = "<group>"; };
		7916B4D41FC2AB2E00CB76D2 /* StarReaderUITests.xctest */ = {isa = PBXFileReference; explicitFileType = wrapper.cfbundle; includeInIndex = 0; path = StarReaderUITests.xctest; sourceTree = BUILT_PRODUCTS_DIR; };
		7916B4D81FC2AB2E00CB76D2 /* StarReaderUITests.swift */ = {isa = PBXFileReference; lastKnownFileType = sourcecode.swift; path = StarReaderUITests.swift; sourceTree = "<group>"; };
		7916B4DA1FC2AB2E00CB76D2 /* Info.plist */ = {isa = PBXFileReference; lastKnownFileType = text.plist.xml; path = Info.plist; sourceTree = "<group>"; };
		7916B4E71FC2ABD500CB76D2 /* CoreText.framework */ = {isa = PBXFileReference; lastKnownFileType = wrapper.framework; name = CoreText.framework; path = System/Library/Frameworks/CoreText.framework; sourceTree = SDKROOT; };
		7916B4E91FC2AC4E00CB76D2 /* ReadingView.swift */ = {isa = PBXFileReference; lastKnownFileType = sourcecode.swift; path = ReadingView.swift; sourceTree = "<group>"; };
/* End PBXFileReference section */

/* Begin PBXFrameworksBuildPhase section */
		7916B4AF1FC2AB2E00CB76D2 /* Frameworks */ = {
			isa = PBXFrameworksBuildPhase;
			buildActionMask = 2147483647;
			files = (
				7916B4E81FC2ABDB00CB76D2 /* CoreText.framework in Frameworks */,
			);
			runOnlyForDeploymentPostprocessing = 0;
		};
		7916B4C61FC2AB2E00CB76D2 /* Frameworks */ = {
			isa = PBXFrameworksBuildPhase;
			buildActionMask = 2147483647;
			files = (
			);
			runOnlyForDeploymentPostprocessing = 0;
		};
		7916B4D11FC2AB2E00CB76D2 /* Frameworks */ = {
			isa = PBXFrameworksBuildPhase;
			buildActionMask = 2147483647;
			files = (
			);
			runOnlyForDeploymentPostprocessing = 0;
		};
/* End PBXFrameworksBuildPhase section */

/* Begin PBXGroup section */
		7916B4A91FC2AB2E00CB76D2 = {
			isa = PBXGroup;
			children = (
				7916B4B41FC2AB2E00CB76D2 /* StarReader */,
				7916B4CC1FC2AB2E00CB76D2 /* StarReaderTests */,
				7916B4D71FC2AB2E00CB76D2 /* StarReaderUITests */,
				7916B4B31FC2AB2E00CB76D2 /* Products */,
				7916B4E61FC2ABD400CB76D2 /* Frameworks */,
			);
			sourceTree = "<group>";
		};
		7916B4B31FC2AB2E00CB76D2 /* Products */ = {
			isa = PBXGroup;
			children = (
				7916B4B21FC2AB2E00CB76D2 /* StarReader.app */,
				7916B4C91FC2AB2E00CB76D2 /* StarReaderTests.xctest */,
				7916B4D41FC2AB2E00CB76D2 /* StarReaderUITests.xctest */,
			);
			name = Products;
			sourceTree = "<group>";
		};
		7916B4B41FC2AB2E00CB76D2 /* StarReader */ = {
			isa = PBXGroup;
			children = (
				7916B4B51FC2AB2E00CB76D2 /* AppDelegate.swift */,
				7916B4B71FC2AB2E00CB76D2 /* ViewController.swift */,
				7916B4B91FC2AB2E00CB76D2 /* Main.storyboard */,
				7916B4BF1FC2AB2E00CB76D2 /* Assets.xcassets */,
				7916B4C11FC2AB2E00CB76D2 /* LaunchScreen.storyboard */,
				7916B4C41FC2AB2E00CB76D2 /* Info.plist */,
				7916B4BC1FC2AB2E00CB76D2 /* StarReader.xcdatamodeld */,
				7916B4E91FC2AC4E00CB76D2 /* ReadingView.swift */,
			);
			path = StarReader;
			sourceTree = "<group>";
		};
		7916B4CC1FC2AB2E00CB76D2 /* StarReaderTests */ = {
			isa = PBXGroup;
			children = (
				7916B4CD1FC2AB2E00CB76D2 /* StarReaderTests.swift */,
				7916B4CF1FC2AB2E00CB76D2 /* Info.plist */,
			);
			path = StarReaderTests;
			sourceTree = "<group>";
		};
		7916B4D71FC2AB2E00CB76D2 /* StarReaderUITests */ = {
			isa = PBXGroup;
			children = (
				7916B4D81FC2AB2E00CB76D2 /* StarReaderUITests.swift */,
				7916B4DA1FC2AB2E00CB76D2 /* Info.plist */,
			);
			path = StarReaderUITests;
			sourceTree = "<group>";
		};
		7916B4E61FC2ABD400CB76D2 /* Frameworks */ = {
			isa = PBXGroup;
			children = (
				7916B4E71FC2ABD500CB76D2 /* CoreText.framework */,
			);
			name = Frameworks;
			sourceTree = "<group>";
		};
/* End PBXGroup section */

/* Begin PBXNativeTarget section */
		7916B4B11FC2AB2E00CB76D2 /* StarReader */ = {
			isa = PBXNativeTarget;
			buildConfigurationList = 7916B4DD1FC2AB2E00CB76D2 /* Build configuration list for PBXNativeTarget "StarReader" */;
			buildPhases = (
				7916B4AE1FC2AB2E00CB76D2 /* Sources */,
				7916B4AF1FC2AB2E00CB76D2 /* Frameworks */,
				7916B4B01FC2AB2E00CB76D2 /* Resources */,
			);
			buildRules = (
			);
			dependencies = (
			);
			name = StarReader;
			productName = StarReader;
			productReference = 7916B4B21FC2AB2E00CB76D2 /* StarReader.app */;
			productType = "com.apple.product-type.application";
		};
		7916B4C81FC2AB2E00CB76D2 /* StarReaderTests */ = {
			isa = PBXNativeTarget;
			buildConfigurationList = 7916B4E01FC2AB2E00CB76D2 /* Build configuration list for PBXNativeTarget "StarReaderTests" */;
			buildPhases = (
				7916B4C51FC2AB2E00CB76D2 /* Sources */,
				7916B4C61FC2AB2E00CB76D2 /* Frameworks */,
				7916B4C71FC2AB2E00CB76D2 /* Resources */,
			);
			buildRules = (
			);
			dependencies = (
				7916B4CB1FC2AB2E00CB76D2 /* PBXTargetDependency */,
			);
			name = StarReaderTests;
			productName = StarReaderTests;
			productReference = 7916B4C91FC2AB2E00CB76D2 /* StarReaderTests.xctest */;
			productType = "com.apple.product-type.bundle.unit-test";
		};
		7916B4D31FC2AB2E00CB76D2 /* StarReaderUITests */ = {
			isa = PBXNativeTarget;
			buildConfigurationList = 7916B4E31FC2AB2E00CB76D2 /* Build configuration list for PBXNativeTarget "StarReaderUITests" */;
			buildPhases = (
				7916B4D01FC2AB2E00CB76D2 /* Sources */,
				7916B4D11FC2AB2E00CB76D2 /* Frameworks */,
				7916B4D21FC2AB2E00CB76D2 /* Resources */,
			);
			buildRules = (
			);
			dependencies = (
				7916B4D61FC2AB2E00CB76D2 /* PBXTargetDependency */,
			);
			name = StarReaderUITests;
			productName = StarReaderUITests;
			productReference = 7916B4D41FC2AB2E00CB76D2 /* StarReaderUITests.xctest */;
			productType = "com.apple.product-type.bundle.ui-testing";
		};
/* End PBXNativeTarget section */

/* Begin PBXProject section */
		7916B4AA1FC2AB2E00CB76D2 /* Project object */ = {
			isa = PBXProject;
			attributes = {
				LastSwiftUpdateCheck = 0910;
				LastUpgradeCheck = 0910;
				ORGANIZATIONNAME = "Xing Hu";
				TargetAttributes = {
					7916B4B11FC2AB2E00CB76D2 = {
						CreatedOnToolsVersion = 9.1;
						ProvisioningStyle = Automatic;
					};
					7916B4C81FC2AB2E00CB76D2 = {
						CreatedOnToolsVersion = 9.1;
						ProvisioningStyle = Automatic;
						TestTargetID = 7916B4B11FC2AB2E00CB76D2;
					};
					7916B4D31FC2AB2E00CB76D2 = {
						CreatedOnToolsVersion = 9.1;
						ProvisioningStyle = Automatic;
						TestTargetID = 7916B4B11FC2AB2E00CB76D2;
					};
				};
			};
			buildConfigurationList = 7916B4AD1FC2AB2E00CB76D2 /* Build configuration list for PBXProject "StarReader" */;
			compatibilityVersion = "Xcode 8.0";
			developmentRegion = en;
			hasScannedForEncodings = 0;
			knownRegions = (
				en,
				Base,
			);
			mainGroup = 7916B4A91FC2AB2E00CB76D2;
			productRefGroup = 7916B4B31FC2AB2E00CB76D2 /* Products */;
			projectDirPath = "";
			projectRoot = "";
			targets = (
				7916B4B11FC2AB2E00CB76D2 /* StarReader */,
				7916B4C81FC2AB2E00CB76D2 /* StarReaderTests */,
				7916B4D31FC2AB2E00CB76D2 /* StarReaderUITests */,
			);
		};
/* End PBXProject section */

/* Begin PBXResourcesBuildPhase section */
		7916B4B01FC2AB2E00CB76D2 /* Resources */ = {
			isa = PBXResourcesBuildPhase;
			buildActionMask = 2147483647;
			files = (
				7916B4C31FC2AB2E00CB76D2 /* LaunchScreen.storyboard in Resources */,
				7916B4C01FC2AB2E00CB76D2 /* Assets.xcassets in Resources */,
				7916B4BB1FC2AB2E00CB76D2 /* Main.storyboard in Resources */,
			);
			runOnlyForDeploymentPostprocessing = 0;
		};
		7916B4C71FC2AB2E00CB76D2 /* Resources */ = {
			isa = PBXResourcesBuildPhase;
			buildActionMask = 2147483647;
			files = (
			);
			runOnlyForDeploymentPostprocessing = 0;
		};
		7916B4D21FC2AB2E00CB76D2 /* Resources */ = {
			isa = PBXResourcesBuildPhase;
			buildActionMask = 2147483647;
			files = (
			);
			runOnlyForDeploymentPostprocessing = 0;
		};
/* End PBXResourcesBuildPhase section */

/* Begin PBXSourcesBuildPhase section */
		7916B4AE1FC2AB2E00CB76D2 /* Sources */ = {
			isa = PBXSourcesBuildPhase;
			buildActionMask = 2147483647;
			files = (
				7916B4BE1FC2AB2E00CB76D2 /* StarReader.xcdatamodeld in Sources */,
				7916B4EA1FC2AC4E00CB76D2 /* ReadingView.swift in Sources */,
				7916B4B81FC2AB2E00CB76D2 /* ViewController.swift in Sources */,
				7916B4B61FC2AB2E00CB76D2 /* AppDelegate.swift in Sources */,
			);
			runOnlyForDeploymentPostprocessing = 0;
		};
		7916B4C51FC2AB2E00CB76D2 /* Sources */ = {
			isa = PBXSourcesBuildPhase;
			buildActionMask = 2147483647;
			files = (
				7916B4CE1FC2AB2E00CB76D2 /* StarReaderTests.swift in Sources */,
			);
			runOnlyForDeploymentPostprocessing = 0;
		};
		7916B4D01FC2AB2E00CB76D2 /* Sources */ = {
			isa = PBXSourcesBuildPhase;
			buildActionMask = 2147483647;
			files = (
				7916B4D91FC2AB2E00CB76D2 /* StarReaderUITests.swift in Sources */,
			);
			runOnlyForDeploymentPostprocessing = 0;
		};
/* End PBXSourcesBuildPhase section */

/* Begin PBXTargetDependency section */
		7916B4CB1FC2AB2E00CB76D2 /* PBXTargetDependency */ = {
			isa = PBXTargetDependency;
			target = 7916B4B11FC2AB2E00CB76D2 /* StarReader */;
			targetProxy = 7916B4CA1FC2AB2E00CB76D2 /* PBXContainerItemProxy */;
		};
		7916B4D61FC2AB2E00CB76D2 /* PBXTargetDependency */ = {
			isa = PBXTargetDependency;
			target = 7916B4B11FC2AB2E00CB76D2 /* StarReader */;
			targetProxy = 7916B4D51FC2AB2E00CB76D2 /* PBXContainerItemProxy */;
		};
/* End PBXTargetDependency section */

/* Begin PBXVariantGroup section */
		7916B4B91FC2AB2E00CB76D2 /* Main.storyboard */ = {
			isa = PBXVariantGroup;
			children = (
				7916B4BA1FC2AB2E00CB76D2 /* Base */,
			);
			name = Main.storyboard;
			sourceTree = "<group>";
		};
		7916B4C11FC2AB2E00CB76D2 /* LaunchScreen.storyboard */ = {
			isa = PBXVariantGroup;
			children = (
				7916B4C21FC2AB2E00CB76D2 /* Base */,
			);
			name = LaunchScreen.storyboard;
			sourceTree = "<group>";
		};
/* End PBXVariantGroup section */

/* Begin XCBuildConfiguration section */
		7916B4DB1FC2AB2E00CB76D2 /* Debug */ = {
			isa = XCBuildConfiguration;
			buildSettings = {
				ALWAYS_SEARCH_USER_PATHS = NO;
				CLANG_ANALYZER_NONNULL = YES;
				CLANG_ANALYZER_NUMBER_OBJECT_CONVERSION = YES_AGGRESSIVE;
				CLANG_CXX_LANGUAGE_STANDARD = "gnu++14";
				CLANG_CXX_LIBRARY = "libc++";
				CLANG_ENABLE_MODULES = YES;
				CLANG_ENABLE_OBJC_ARC = YES;
				CLANG_WARN_BLOCK_CAPTURE_AUTORELEASING = YES;
				CLANG_WARN_BOOL_CONVERSION = YES;
				CLANG_WARN_COMMA = YES;
				CLANG_WARN_CONSTANT_CONVERSION = YES;
				CLANG_WARN_DIRECT_OBJC_ISA_USAGE = YES_ERROR;
				CLANG_WARN_DOCUMENTATION_COMMENTS = YES;
				CLANG_WARN_EMPTY_BODY = YES;
				CLANG_WARN_ENUM_CONVERSION = YES;
				CLANG_WARN_INFINITE_RECURSION = YES;
				CLANG_WARN_INT_CONVERSION = YES;
				CLANG_WARN_NON_LITERAL_NULL_CONVERSION = YES;
				CLANG_WARN_OBJC_LITERAL_CONVERSION = YES;
				CLANG_WARN_OBJC_ROOT_CLASS = YES_ERROR;
				CLANG_WARN_RANGE_LOOP_ANALYSIS = YES;
				CLANG_WARN_STRICT_PROTOTYPES = YES;
				CLANG_WARN_SUSPICIOUS_MOVE = YES;
				CLANG_WARN_UNGUARDED_AVAILABILITY = YES_AGGRESSIVE;
				CLANG_WARN_UNREACHABLE_CODE = YES;
				CLANG_WARN__DUPLICATE_METHOD_MATCH = YES;
				CODE_SIGN_IDENTITY = "iPhone Developer";
				COPY_PHASE_STRIP = NO;
				DEBUG_INFORMATION_FORMAT = dwarf;
				ENABLE_STRICT_OBJC_MSGSEND = YES;
				ENABLE_TESTABILITY = YES;
				GCC_C_LANGUAGE_STANDARD = gnu11;
				GCC_DYNAMIC_NO_PIC = NO;
				GCC_NO_COMMON_BLOCKS = YES;
				GCC_OPTIMIZATION_LEVEL = 0;
				GCC_PREPROCESSOR_DEFINITIONS = (
					"DEBUG=1",
					"$(inherited)",
				);
				GCC_WARN_64_TO_32_BIT_CONVERSION = YES;
				GCC_WARN_ABOUT_RETURN_TYPE = YES_ERROR;
				GCC_WARN_UNDECLARED_SELECTOR = YES;
				GCC_WARN_UNINITIALIZED_AUTOS = YES_AGGRESSIVE;
				GCC_WARN_UNUSED_FUNCTION = YES;
				GCC_WARN_UNUSED_VARIABLE = YES;
				IPHONEOS_DEPLOYMENT_TARGET = 11.1;
				MTL_ENABLE_DEBUG_INFO = YES;
				ONLY_ACTIVE_ARCH = YES;
				SDKROOT = iphoneos;
				SWIFT_ACTIVE_COMPILATION_CONDITIONS = DEBUG;
				SWIFT_OPTIMIZATION_LEVEL = "-Onone";
			};
			name = Debug;
		};
		7916B4DC1FC2AB2E00CB76D2 /* Release */ = {
			isa = XCBuildConfiguration;
			buildSettings = {
				ALWAYS_SEARCH_USER_PATHS = NO;
				CLANG_ANALYZER_NONNULL = YES;
				CLANG_ANALYZER_NUMBER_OBJECT_CONVERSION = YES_AGGRESSIVE;
				CLANG_CXX_LANGUAGE_STANDARD = "gnu++14";
				CLANG_CXX_LIBRARY = "libc++";
				CLANG_ENABLE_MODULES = YES;
				CLANG_ENABLE_OBJC_ARC = YES;
				CLANG_WARN_BLOCK_CAPTURE_AUTORELEASING = YES;
				CLANG_WARN_BOOL_CONVERSION = YES;
				CLANG_WARN_COMMA = YES;
				CLANG_WARN_CONSTANT_CONVERSION = YES;
				CLANG_WARN_DIRECT_OBJC_ISA_USAGE = YES_ERROR;
				CLANG_WARN_DOCUMENTATION_COMMENTS = YES;
				CLANG_WARN_EMPTY_BODY = YES;
				CLANG_WARN_ENUM_CONVERSION = YES;
				CLANG_WARN_INFINITE_RECURSION = YES;
				CLANG_WARN_INT_CONVERSION = YES;
				CLANG_WARN_NON_LITERAL_NULL_CONVERSION = YES;
				CLANG_WARN_OBJC_LITERAL_CONVERSION = YES;
				CLANG_WARN_OBJC_ROOT_CLASS = YES_ERROR;
				CLANG_WARN_RANGE_LOOP_ANALYSIS = YES;
				CLANG_WARN_STRICT_PROTOTYPES = YES;
				CLANG_WARN_SUSPICIOUS_MOVE = YES;
				CLANG_WARN_UNGUARDED_AVAILABILITY = YES_AGGRESSIVE;
				CLANG_WARN_UNREACHABLE_CODE = YES;
				CLANG_WARN__DUPLICATE_METHOD_MATCH = YES;
				CODE_SIGN_IDENTITY = "iPhone Developer";
				COPY_PHASE_STRIP = NO;
				DEBUG_INFORMATION_FORMAT = "dwarf-with-dsym";
				ENABLE_NS_ASSERTIONS = NO;
				ENABLE_STRICT_OBJC_MSGSEND = YES;
				GCC_C_LANGUAGE_STANDARD = gnu11;
				GCC_NO_COMMON_BLOCKS = YES;
				GCC_WARN_64_TO_32_BIT_CONVERSION = YES;
				GCC_WARN_ABOUT_RETURN_TYPE = YES_ERROR;
				GCC_WARN_UNDECLARED_SELECTOR = YES;
				GCC_WARN_UNINITIALIZED_AUTOS = YES_AGGRESSIVE;
				GCC_WARN_UNUSED_FUNCTION = YES;
				GCC_WARN_UNUSED_VARIABLE = YES;
				IPHONEOS_DEPLOYMENT_TARGET = 11.1;
				MTL_ENABLE_DEBUG_INFO = NO;
				SDKROOT = iphoneos;
				SWIFT_OPTIMIZATION_LEVEL = "-Owholemodule";
				VALIDATE_PRODUCT = YES;
			};
			name = Release;
		};
		7916B4DE1FC2AB2E00CB76D2 /* Debug */ = {
			isa = XCBuildConfiguration;
			buildSettings = {
				ASSETCATALOG_COMPILER_APPICON_NAME = AppIcon;
				CODE_SIGN_STYLE = Automatic;
				DEVELOPMENT_TEAM = JGTV7NMB6E;
				INFOPLIST_FILE = StarReader/Info.plist;
				IPHONEOS_DEPLOYMENT_TARGET = 11.0;
				LD_RUNPATH_SEARCH_PATHS = "$(inherited) @executable_path/Frameworks";
				PRODUCT_BUNDLE_IDENTIFIER = xing.StarReader;
				PRODUCT_NAME = "$(TARGET_NAME)";
				SWIFT_VERSION = 4.0;
				TARGETED_DEVICE_FAMILY = "1,2";
			};
			name = Debug;
		};
		7916B4DF1FC2AB2E00CB76D2 /* Release */ = {
			isa = XCBuildConfiguration;
			buildSettings = {
				ASSETCATALOG_COMPILER_APPICON_NAME = AppIcon;
				CODE_SIGN_STYLE = Automatic;
				DEVELOPMENT_TEAM = JGTV7NMB6E;
				INFOPLIST_FILE = StarReader/Info.plist;
				IPHONEOS_DEPLOYMENT_TARGET = 11.0;
				LD_RUNPATH_SEARCH_PATHS = "$(inherited) @executable_path/Frameworks";
				PRODUCT_BUNDLE_IDENTIFIER = xing.StarReader;
				PRODUCT_NAME = "$(TARGET_NAME)";
				SWIFT_VERSION = 4.0;
				TARGETED_DEVICE_FAMILY = "1,2";
			};
			name = Release;
		};
		7916B4E11FC2AB2E00CB76D2 /* Debug */ = {
			isa = XCBuildConfiguration;
			buildSettings = {
				ALWAYS_EMBED_SWIFT_STANDARD_LIBRARIES = YES;
				BUNDLE_LOADER = "$(TEST_HOST)";
				CODE_SIGN_STYLE = Automatic;
				DEVELOPMENT_TEAM = JGTV7NMB6E;
				INFOPLIST_FILE = StarReaderTests/Info.plist;
				LD_RUNPATH_SEARCH_PATHS = "$(inherited) @executable_path/Frameworks @loader_path/Frameworks";
				PRODUCT_BUNDLE_IDENTIFIER = xing.StarReaderTests;
				PRODUCT_NAME = "$(TARGET_NAME)";
				SWIFT_VERSION = 4.0;
				TARGETED_DEVICE_FAMILY = "1,2";
				TEST_HOST = "$(BUILT_PRODUCTS_DIR)/StarReader.app/StarReader";
			};
			name = Debug;
		};
		7916B4E21FC2AB2E00CB76D2 /* Release */ = {
			isa = XCBuildConfiguration;
			buildSettings = {
				ALWAYS_EMBED_SWIFT_STANDARD_LIBRARIES = YES;
				BUNDLE_LOADER = "$(TEST_HOST)";
				CODE_SIGN_STYLE = Automatic;
				DEVELOPMENT_TEAM = JGTV7NMB6E;
				INFOPLIST_FILE = StarReaderTests/Info.plist;
				LD_RUNPATH_SEARCH_PATHS = "$(inherited) @executable_path/Frameworks @loader_path/Frameworks";
				PRODUCT_BUNDLE_IDENTIFIER = xing.StarReaderTests;
				PRODUCT_NAME = "$(TARGET_NAME)";
				SWIFT_VERSION = 4.0;
				TARGETED_DEVICE_FAMILY = "1,2";
				TEST_HOST = "$(BUILT_PRODUCTS_DIR)/StarReader.app/StarReader";
			};
			name = Release;
		};
		7916B4E41FC2AB2E00CB76D2 /* Debug */ = {
			isa = XCBuildConfiguration;
			buildSettings = {
				ALWAYS_EMBED_SWIFT_STANDARD_LIBRARIES = YES;
				CODE_SIGN_STYLE = Automatic;
				DEVELOPMENT_TEAM = JGTV7NMB6E;
				INFOPLIST_FILE = StarReaderUITests/Info.plist;
				LD_RUNPATH_SEARCH_PATHS = "$(inherited) @executable_path/Frameworks @loader_path/Frameworks";
				PRODUCT_BUNDLE_IDENTIFIER = xing.StarReaderUITests;
				PRODUCT_NAME = "$(TARGET_NAME)";
				SWIFT_VERSION = 4.0;
				TARGETED_DEVICE_FAMILY = "1,2";
				TEST_TARGET_NAME = StarReader;
			};
			name = Debug;
		};
		7916B4E51FC2AB2E00CB76D2 /* Release */ = {
			isa = XCBuildConfiguration;
			buildSettings = {
				ALWAYS_EMBED_SWIFT_STANDARD_LIBRARIES = YES;
				CODE_SIGN_STYLE = Automatic;
				DEVELOPMENT_TEAM = JGTV7NMB6E;
				INFOPLIST_FILE = StarReaderUITests/Info.plist;
				LD_RUNPATH_SEARCH_PATHS = "$(inherited) @executable_path/Frameworks @loader_path/Frameworks";
				PRODUCT_BUNDLE_IDENTIFIER = xing.StarReaderUITests;
				PRODUCT_NAME = "$(TARGET_NAME)";
				SWIFT_VERSION = 4.0;
				TARGETED_DEVICE_FAMILY = "1,2";
				TEST_TARGET_NAME = StarReader;
			};
			name = Release;
		};
/* End XCBuildConfiguration section */

/* Begin XCConfigurationList section */
		7916B4AD1FC2AB2E00CB76D2 /* Build configuration list for PBXProject "StarReader" */ = {
			isa = XCConfigurationList;
			buildConfigurations = (
				7916B4DB1FC2AB2E00CB76D2 /* Debug */,
				7916B4DC1FC2AB2E00CB76D2 /* Release */,
			);
			defaultConfigurationIsVisible = 0;
			defaultConfigurationName = Release;
		};
		7916B4DD1FC2AB2E00CB76D2 /* Build configuration list for PBXNativeTarget "StarReader" */ = {
			isa = XCConfigurationList;
			buildConfigurations = (
				7916B4DE1FC2AB2E00CB76D2 /* Debug */,
				7916B4DF1FC2AB2E00CB76D2 /* Release */,
			);
			defaultConfigurationIsVisible = 0;
			defaultConfigurationName = Release;
		};
		7916B4E01FC2AB2E00CB76D2 /* Build configuration list for PBXNativeTarget "StarReaderTests" */ = {
			isa = XCConfigurationList;
			buildConfigurations = (
				7916B4E11FC2AB2E00CB76D2 /* Debug */,
				7916B4E21FC2AB2E00CB76D2 /* Release */,
			);
			defaultConfigurationIsVisible = 0;
			defaultConfigurationName = Release;
		};
		7916B4E31FC2AB2E00CB76D2 /* Build configuration list for PBXNativeTarget "StarReaderUITests" */ = {
			isa = XCConfigurationList;
			buildConfigurations = (
				7916B4E41FC2AB2E00CB76D2 /* Debug */,
				7916B4E51FC2AB2E00CB76D2 /* Release */,
			);
			defaultConfigurationIsVisible = 0;
			defaultConfigurationName = Release;
		};
/* End XCConfigurationList section */

/* Begin XCVersionGroup section */
		7916B4BC1FC2AB2E00CB76D2 /* StarReader.xcdatamodeld */ = {
			isa = XCVersionGroup;
			children = (
				7916B4BD1FC2AB2E00CB76D2 /* StarReader.xcdatamodel */,
			);
			currentVersion = 7916B4BD1FC2AB2E00CB76D2 /* StarReader.xcdatamodel */;
			path = StarReader.xcdatamodeld;
			sourceTree = "<group>";
			versionGroupType = wrapper.xcdatamodel;
		};
/* End XCVersionGroup section */
	};
	rootObject = 7916B4AA1FC2AB2E00CB76D2 /* Project object */;
}
